
Microsoft Visual Studio Solution File, Format Version 12.00
# Visual Studio 15
VisualStudioVersion = 15.0.27703.2047
MinimumVisualStudioVersion = 10.0.40219.1
Project("{FAE04EC0-301F-11D3-BF4B-00C04F79EFBC}") = "XoriantPrototype", "XoriantPrototype\XoriantPrototype.csproj", "{F44E5E5B-64BE-4BEF-91EF-D3FC89C651B1}"
EndProject
Global
	GlobalSection(SolutionConfigurationPlatforms) = preSolution
		Debug|Any CPU = Debug|Any CPU
		Release|Any CPU = Release|Any CPU
	EndGlobalSection
	GlobalSection(ProjectConfigurationPlatforms) = postSolution
		{F44E5E5B-64BE-4BEF-91EF-D3FC89C651B1}.Debug|Any CPU.ActiveCfg = Debug|Any CPU
		{F44E5E5B-64BE-4BEF-91EF-D3FC89C651B1}.Debug|Any CPU.Build.0 = Debug|Any CPU
		{F44E5E5B-64BE-4BEF-91EF-D3FC89C651B1}.Release|Any CPU.ActiveCfg = Release|Any CPU
		{F44E5E5B-64BE-4BEF-91EF-D3FC89C651B1}.Release|Any CPU.Build.0 = Release|Any CPU
	EndGlobalSection
	GlobalSection(SolutionProperties) = preSolution
		HideSolutionNode = FALSE
	EndGlobalSection
	GlobalSection(ExtensibilityGlobals) = postSolution
		SolutionGuid = {348BE1FB-E772-4A57-9DE1-E2CC27BC1444}
	EndGlobalSection
EndGlobal
